github.com/google/go-cmp v0.5.9/go.mod h1:17dUlkBOakJ0+DkrSSNjCkIjxS6bF9zb3elmeNGIjoY=
github.com/packetflinger/libq2 v0.0.0-20230930145741-7f485ed60c09 h1:pWvyXKr2bLpLX7byghDS8HihcmIUMZIsC24jo9JkDd8=
github.com/packetflinger/libq2 v0.0.0-20230930145741-7f485ed60c09/go.mod h1:2LONY9+ps8ttCCY5FqY6CcFhmE/OHaycJbKDYAIlVmQ=
